
Microsoft Visual Studio Solution File, Format Version 12.00
# Visual Studio Version 16
VisualStudioVersion = 16.0.29613.14
MinimumVisualStudioVersion = 10.0.40219.1
Project("{FAE04EC0-301F-11D3-BF4B-00C04F79EFBC}") = "ConsoleApp1", "ConsoleApp1\ConsoleApp1.csproj", "{3634D1E3-BA46-49F3-9986-534DACCACF6D}"
EndProject
Global
	GlobalSection(SolutionConfigurationPlatforms) = preSolution
		Debug|Any CPU = Debug|Any CPU
		Release|Any CPU = Release|Any CPU
	EndGlobalSection
	GlobalSection(ProjectConfigurationPlatforms) = postSolution
		{3634D1E3-BA46-49F3-9986-534DACCACF6D}.Debug|Any CPU.ActiveCfg = Debug|Any CPU
		{3634D1E3-BA46-49F3-9986-534DACCACF6D}.Debug|Any CPU.Build.0 = Debug|Any CPU
		{3634D1E3-BA46-49F3-9986-534DACCACF6D}.Release|Any CPU.ActiveCfg = Release|Any CPU
		{3634D1E3-BA46-49F3-9986-534DACCACF6D}.Release|Any CPU.Build.0 = Release|Any CPU
	EndGlobalSection
	GlobalSection(SolutionProperties) = preSolution
		HideSolutionNode = FALSE
	EndGlobalSection
	GlobalSection(ExtensibilityGlobals) = postSolution
		SolutionGuid = {72773158-1C2E-46B9-8EA4-60B77C0AAE42}
	EndGlobalSection
EndGlobal
